
Microsoft Visual Studio Solution File, Format Version 12.00
# Visual Studio 15
VisualStudioVersion = 15.0.26730.15
MinimumVisualStudioVersion = 10.0.40219.1
Project("{FAE04EC0-301F-11D3-BF4B-00C04F79EFBC}") = "Website", "Website\Website.csproj", "{E6703608-FAAF-4AE6-BD4A-EA11DE7CFCA9}"
EndProject
Project("{FAE04EC0-301F-11D3-BF4B-00C04F79EFBC}") = "Website.Tests", "Website.Tests\Website.Tests.csproj", "{2396D295-7B63-4002-8D72-DB3CD9C322F8}"
EndProject
Global
	GlobalSection(SolutionConfigurationPlatforms) = preSolution
		Debug|Any CPU = Debug|Any CPU
		Release|Any CPU = Release|Any CPU
	EndGlobalSection
	GlobalSection(ProjectConfigurationPlatforms) = postSolution
		{E6703608-FAAF-4AE6-BD4A-EA11DE7CFCA9}.Debug|Any CPU.ActiveCfg = Debug|Any CPU
		{E6703608-FAAF-4AE6-BD4A-EA11DE7CFCA9}.Debug|Any CPU.Build.0 = Debug|Any CPU
		{E6703608-FAAF-4AE6-BD4A-EA11DE7CFCA9}.Release|Any CPU.ActiveCfg = Release|Any CPU
		{E6703608-FAAF-4AE6-BD4A-EA11DE7CFCA9}.Release|Any CPU.Build.0 = Release|Any CPU
		{2396D295-7B63-4002-8D72-DB3CD9C322F8}.Debug|Any CPU.ActiveCfg = Debug|Any CPU
		{2396D295-7B63-4002-8D72-DB3CD9C322F8}.Debug|Any CPU.Build.0 = Debug|Any CPU
		{2396D295-7B63-4002-8D72-DB3CD9C322F8}.Release|Any CPU.ActiveCfg = Release|Any CPU
		{2396D295-7B63-4002-8D72-DB3CD9C322F8}.Release|Any CPU.Build.0 = Release|Any CPU
	EndGlobalSection
	GlobalSection(SolutionProperties) = preSolution
		HideSolutionNode = FALSE
	EndGlobalSection
	GlobalSection(ExtensibilityGlobals) = postSolution
		SolutionGuid = {CEEA509B-645F-4320-8244-834DCB5359C7}
	EndGlobalSection
EndGlobal
